// !$*UTF8*$!
{
	archiveVersion = 1;
	classes = {
	};
	objectVersion = 48;
	objects = {

/* Begin PBXBuildFile section */
		568BBC91B7F7A2840D9B3216 /* Pods_FinderWithMap.framework in Frameworks */ = {isa = PBXBuildFile; fileRef = 8D2C3016EC8CF8F50431DA17 /* Pods_FinderWithMap.framework */; };
		B82A3D001F48C3300040A636 /* data.csv in Resources */ = {isa = PBXBuildFile; fileRef = B83AE1AD1F486FEE00FF7208 /* data.csv */; };
		B82A3D021F48C6530040A636 /* Login.swift in Sources */ = {isa = PBXBuildFile; fileRef = B82A3D011F48C6530040A636 /* Login.swift */; };
		B82A3D041F48C6B80040A636 /* Obfuscator.swift in Sources */ = {isa = PBXBuildFile; fileRef = B82A3D031F48C6B80040A636 /* Obfuscator.swift */; };
		B82A3D091F49792B0040A636 /* PhotoAnnotation.swift in Sources */ = {isa = PBXBuildFile; fileRef = B82A3D081F49792B0040A636 /* PhotoAnnotation.swift */; };
		B83AE1A01F48311000FF7208 /* Constants.swift in Sources */ = {isa = PBXBuildFile; fileRef = B83AE19F1F48311000FF7208 /* Constants.swift */; };
		B83AE1A31F48325E00FF7208 /* PhotoCell.swift in Sources */ = {isa = PBXBuildFile; fileRef = B83AE1A21F48325E00FF7208 /* PhotoCell.swift */; };
		B83AE1A51F48663D00FF7208 /* CSVParser.swift in Sources */ = {isa = PBXBuildFile; fileRef = B83AE1A41F48663D00FF7208 /* CSVParser.swift */; };
		B83AE1A81F48666200FF7208 /* DataService.swift in Sources */ = {isa = PBXBuildFile; fileRef = B83AE1A71F48666200FF7208 /* DataService.swift */; };
		B83AE1AB1F4866BF00FF7208 /* MyModel.swift in Sources */ = {isa = PBXBuildFile; fileRef = B83AE1AA1F4866BF00FF7208 /* MyModel.swift */; };
		B8D0448F1F460453003BFE13 /* AppDelegate.swift in Sources */ = {isa = PBXBuildFile; fileRef = B8D0448E1F460453003BFE13 /* AppDelegate.swift */; };
		B8D044911F460453003BFE13 /* MapVC.swift in Sources */ = {isa = PBXBuildFile; fileRef = B8D044901F460453003BFE13 /* MapVC.swift */; };
		B8D044941F460453003BFE13 /* Main.storyboard in Resources */ = {isa = PBXBuildFile; fileRef = B8D044921F460453003BFE13 /* Main.storyboard */; };
		B8D044961F460453003BFE13 /* Assets.xcassets in Resources */ = {isa = PBXBuildFile; fileRef = B8D044951F460453003BFE13 /* Assets.xcassets */; };
		B8D044991F460453003BFE13 /* LaunchScreen.storyboard in Resources */ = {isa = PBXBuildFile; fileRef = B8D044971F460453003BFE13 /* LaunchScreen.storyboard */; };
		B8D044A11F461994003BFE13 /* GoogleService-Info.plist in Resources */ = {isa = PBXBuildFile; fileRef = B8D044A01F461990003BFE13 /* GoogleService-Info.plist */; };
/* End PBXBuildFile section */

/* Begin PBXFileReference section */
		73CF2378C90E3A221F6BB36E /* Pods-FinderWithMap.release.xcconfig */ = {isa = PBXFileReference; includeInIndex = 1; lastKnownFileType = text.xcconfig; name = "Pods-FinderWithMap.release.xcconfig"; path = "Pods/Target Support Files/Pods-FinderWithMap/Pods-FinderWithMap.release.xcconfig"; sourceTree = "<group>"; };
		8D2C3016EC8CF8F50431DA17 /* Pods_FinderWithMap.framework */ = {isa = PBXFileReference; explicitFileType = wrapper.framework; includeInIndex = 0; path = Pods_FinderWithMap.framework; sourceTree = BUILT_PRODUCTS_DIR; };
		B4C9A4B2C8A1D4A9219F3C7B /* Pods-FinderWithMap.debug.xcconfig */ = {isa = PBXFileReference; includeInIndex = 1; lastKnownFileType = text.xcconfig; name = "Pods-FinderWithMap.debug.xcconfig"; path = "Pods/Target Support Files/Pods-FinderWithMap/Pods-FinderWithMap.debug.xcconfig"; sourceTree = "<group>"; };
		B82A3D011F48C6530040A636 /* Login.swift */ = {isa = PBXFileReference; lastKnownFileType = sourcecode.swift; path = Login.swift; sourceTree = "<group>"; };
		B82A3D031F48C6B80040A636 /* Obfuscator.swift */ = {isa = PBXFileReference; lastKnownFileType = sourcecode.swift; path = Obfuscator.swift; sourceTree = "<group>"; };
		B82A3D081F49792B0040A636 /* PhotoAnnotation.swift */ = {isa = PBXFileReference; lastKnownFileType = sourcecode.swift; path = PhotoAnnotation.swift; sourceTree = "<group>"; };
		B83AE19F1F48311000FF7208 /* Constants.swift */ = {isa = PBXFileReference; lastKnownFileType = sourcecode.swift; path = Constants.swift; sourceTree = "<group>"; };
		B83AE1A21F48325E00FF7208 /* PhotoCell.swift */ = {isa = PBXFileReference; lastKnownFileType = sourcecode.swift; path = PhotoCell.swift; sourceTree = "<group>"; };
		B83AE1A41F48663D00FF7208 /* CSVParser.swift */ = {isa = PBXFileReference; lastKnownFileType = sourcecode.swift; path = CSVParser.swift; sourceTree = "<group>"; };
		B83AE1A71F48666200FF7208 /* DataService.swift */ = {isa = PBXFileReference; lastKnownFileType = sourcecode.swift; path = DataService.swift; sourceTree = "<group>"; };
		B83AE1AA1F4866BF00FF7208 /* MyModel.swift */ = {isa = PBXFileReference; lastKnownFileType = sourcecode.swift; path = MyModel.swift; sourceTree = "<group>"; };
		B83AE1AD1F486FEE00FF7208 /* data.csv */ = {isa = PBXFileReference; lastKnownFileType = text; path = data.csv; sourceTree = "<group>"; };
		B8D0448B1F460453003BFE13 /* FinderWithMap.app */ = {isa = PBXFileReference; explicitFileType = wrapper.application; includeInIndex = 0; path = FinderWithMap.app; sourceTree = BUILT_PRODUCTS_DIR; };
		B8D0448E1F460453003BFE13 /* AppDelegate.swift */ = {isa = PBXFileReference; lastKnownFileType = sourcecode.swift; path = AppDelegate.swift; sourceTree = "<group>"; };
		B8D044901F460453003BFE13 /* MapVC.swift */ = {isa = PBXFileReference; lastKnownFileType = sourcecode.swift; path = MapVC.swift; sourceTree = "<group>"; };
		B8D044931F460453003BFE13 /* Base */ = {isa = PBXFileReference; lastKnownFileType = file.storyboard; name = Base; path = Base.lproj/Main.storyboard; sourceTree = "<group>"; };
		B8D044951F460453003BFE13 /* Assets.xcassets */ = {isa = PBXFileReference; lastKnownFileType = folder.assetcatalog; path = Assets.xcassets; sourceTree = "<group>"; };
		B8D044981F460453003BFE13 /* Base */ = {isa = PBXFileReference; lastKnownFileType = file.storyboard; name = Base; path = Base.lproj/LaunchScreen.storyboard; sourceTree = "<group>"; };
		B8D0449A1F460453003BFE13 /* Info.plist */ = {isa = PBXFileReference; lastKnownFileType = text.plist.xml; path = Info.plist; sourceTree = "<group>"; };
		B8D044A01F461990003BFE13 /* GoogleService-Info.plist */ = {isa = PBXFileReference; lastKnownFileType = text.plist.xml; path = "GoogleService-Info.plist"; sourceTree = "<group>"; };
/* End PBXFileReference section */

/* Begin PBXFrameworksBuildPhase section */
		B8D044881F460453003BFE13 /* Frameworks */ = {
			isa = PBXFrameworksBuildPhase;
			buildActionMask = 2147483647;
			files = (
				568BBC91B7F7A2840D9B3216 /* Pods_FinderWithMap.framework in Frameworks */,
			);
			runOnlyForDeploymentPostprocessing = 0;
		};
/* End PBXFrameworksBuildPhase section */

/* Begin PBXGroup section */
		116CB49F8FD2B3363F559193 /* Frameworks */ = {
			isa = PBXGroup;
			children = (
				8D2C3016EC8CF8F50431DA17 /* Pods_FinderWithMap.framework */,
			);
			name = Frameworks;
			sourceTree = "<group>";
		};
		B83AE19D1F4830DF00FF7208 /* Controller */ = {
			isa = PBXGroup;
			children = (
				B8D044901F460453003BFE13 /* MapVC.swift */,
				B82A3D011F48C6530040A636 /* Login.swift */,
			);
			path = Controller;
			sourceTree = "<group>";
		};
		B83AE19E1F4830F700FF7208 /* Utils */ = {
			isa = PBXGroup;
			children = (
				B82A3D031F48C6B80040A636 /* Obfuscator.swift */,
				B83AE1A41F48663D00FF7208 /* CSVParser.swift */,
				B83AE19F1F48311000FF7208 /* Constants.swift */,
			);
			path = Utils;
			sourceTree = "<group>";
		};
		B83AE1A11F48323900FF7208 /* View */ = {
			isa = PBXGroup;
			children = (
				B83AE1A21F48325E00FF7208 /* PhotoCell.swift */,
				B82A3D081F49792B0040A636 /* PhotoAnnotation.swift */,
			);
			path = View;
			sourceTree = "<group>";
		};
		B83AE1A61F48665000FF7208 /* Service */ = {
			isa = PBXGroup;
			children = (
				B83AE1A71F48666200FF7208 /* DataService.swift */,
			);
			path = Service;
			sourceTree = "<group>";
		};
		B83AE1A91F4866B200FF7208 /* Model */ = {
			isa = PBXGroup;
			children = (
				B83AE1AA1F4866BF00FF7208 /* MyModel.swift */,
			);
			path = Model;
			sourceTree = "<group>";
		};
		B83AE1AC1F486FDA00FF7208 /* Resources */ = {
			isa = PBXGroup;
			children = (
				B83AE1AD1F486FEE00FF7208 /* data.csv */,
				B8D044A01F461990003BFE13 /* GoogleService-Info.plist */,
				B8D044951F460453003BFE13 /* Assets.xcassets */,
				B8D0449A1F460453003BFE13 /* Info.plist */,
			);
			path = Resources;
			sourceTree = "<group>";
		};
		B8D044821F460452003BFE13 = {
			isa = PBXGroup;
			children = (
				B8D0448D1F460453003BFE13 /* FinderWithMap */,
				B8D0448C1F460453003BFE13 /* Products */,
				BD977619670BB157E914D645 /* Pods */,
				116CB49F8FD2B3363F559193 /* Frameworks */,
			);
			sourceTree = "<group>";
		};
		B8D0448C1F460453003BFE13 /* Products */ = {
			isa = PBXGroup;
			children = (
				B8D0448B1F460453003BFE13 /* FinderWithMap.app */,
			);
			name = Products;
			sourceTree = "<group>";
		};
		B8D0448D1F460453003BFE13 /* FinderWithMap */ = {
			isa = PBXGroup;
			children = (
				B83AE1A91F4866B200FF7208 /* Model */,
				B83AE1A61F48665000FF7208 /* Service */,
				B83AE19E1F4830F700FF7208 /* Utils */,
				B83AE1A11F48323900FF7208 /* View */,
				B83AE19D1F4830DF00FF7208 /* Controller */,
				B8D0448E1F460453003BFE13 /* AppDelegate.swift */,
				B83AE1AC1F486FDA00FF7208 /* Resources */,
				B8D044921F460453003BFE13 /* Main.storyboard */,
				B8D044971F460453003BFE13 /* LaunchScreen.storyboard */,
			);
			path = FinderWithMap;
			sourceTree = "<group>";
		};
		BD977619670BB157E914D645 /* Pods */ = {
			isa = PBXGroup;
			children = (
				B4C9A4B2C8A1D4A9219F3C7B /* Pods-FinderWithMap.debug.xcconfig */,
				73CF2378C90E3A221F6BB36E /* Pods-FinderWithMap.release.xcconfig */,
			);
			name = Pods;
			sourceTree = "<group>";
		};
/* End PBXGroup section */

/* Begin PBXNativeTarget section */
		B8D0448A1F460453003BFE13 /* FinderWithMap */ = {
			isa = PBXNativeTarget;
			buildConfigurationList = B8D0449D1F460453003BFE13 /* Build configuration list for PBXNativeTarget "FinderWithMap" */;
			buildPhases = (
				AFF348DB7412DEE74023D7EF /* [CP] Check Pods Manifest.lock */,
				B8D044871F460453003BFE13 /* Sources */,
				B8D044881F460453003BFE13 /* Frameworks */,
				B8D044891F460453003BFE13 /* Resources */,
				86982F90110AA8B500040B10 /* [CP] Embed Pods Frameworks */,
				3D7564876514DF1501A3E7B7 /* [CP] Copy Pods Resources */,
			);
			buildRules = (
			);
			dependencies = (
			);
			name = FinderWithMap;
			productName = FinderWithMap;
			productReference = B8D0448B1F460453003BFE13 /* FinderWithMap.app */;
			productType = "com.apple.product-type.application";
		};
/* End PBXNativeTarget section */

/* Begin PBXProject section */
		B8D044831F460452003BFE13 /* Project object */ = {
			isa = PBXProject;
			attributes = {
				LastSwiftUpdateCheck = 0900;
				LastUpgradeCheck = 0900;
				ORGANIZATIONNAME = "iulian david";
				TargetAttributes = {
					B8D0448A1F460453003BFE13 = {
						CreatedOnToolsVersion = 9.0;
					};
				};
			};
			buildConfigurationList = B8D044861F460452003BFE13 /* Build configuration list for PBXProject "FinderWithMap" */;
			compatibilityVersion = "Xcode 8.0";
			developmentRegion = en;
			hasScannedForEncodings = 0;
			knownRegions = (
				en,
				Base,
			);
			mainGroup = B8D044821F460452003BFE13;
			productRefGroup = B8D0448C1F460453003BFE13 /* Products */;
			projectDirPath = "";
			projectRoot = "";
			targets = (
				B8D0448A1F460453003BFE13 /* FinderWithMap */,
			);
		};
/* End PBXProject section */

/* Begin PBXResourcesBuildPhase section */
		B8D044891F460453003BFE13 /* Resources */ = {
			isa = PBXResourcesBuildPhase;
			buildActionMask = 2147483647;
			files = (
				B8D044991F460453003BFE13 /* LaunchScreen.storyboard in Resources */,
				B8D044A11F461994003BFE13 /* GoogleService-Info.plist in Resources */,
				B82A3D001F48C3300040A636 /* data.csv in Resources */,
				B8D044961F460453003BFE13 /* Assets.xcassets in Resources */,
				B8D044941F460453003BFE13 /* Main.storyboard in Resources */,
			);
			runOnlyForDeploymentPostprocessing = 0;
		};
/* End PBXResourcesBuildPhase section */

/* Begin PBXShellScriptBuildPhase section */
		3D7564876514DF1501A3E7B7 /* [CP] Copy Pods Resources */ = {
			isa = PBXShellScriptBuildPhase;
			buildActionMask = 2147483647;
			files = (
			);
			inputPaths = (
			);
			name = "[CP] Copy Pods Resources";
			outputPaths = (
			);
			runOnlyForDeploymentPostprocessing = 0;
			shellPath = /bin/sh;
			shellScript = "\"${SRCROOT}/Pods/Target Support Files/Pods-FinderWithMap/Pods-FinderWithMap-resources.sh\"\n";
			showEnvVarsInLog = 0;
		};
		86982F90110AA8B500040B10 /* [CP] Embed Pods Frameworks */ = {
			isa = PBXShellScriptBuildPhase;
			buildActionMask = 2147483647;
			files = (
			);
			inputPaths = (
			);
			name = "[CP] Embed Pods Frameworks";
			outputPaths = (
			);
			runOnlyForDeploymentPostprocessing = 0;
			shellPath = /bin/sh;
			shellScript = "\"${SRCROOT}/Pods/Target Support Files/Pods-FinderWithMap/Pods-FinderWithMap-frameworks.sh\"\n";
			showEnvVarsInLog = 0;
		};
		AFF348DB7412DEE74023D7EF /* [CP] Check Pods Manifest.lock */ = {
			isa = PBXShellScriptBuildPhase;
			buildActionMask = 2147483647;
			files = (
			);
			inputPaths = (
			);
			name = "[CP] Check Pods Manifest.lock";
			outputPaths = (
			);
			runOnlyForDeploymentPostprocessing = 0;
			shellPath = /bin/sh;
			shellScript = "diff \"${PODS_PODFILE_DIR_PATH}/Podfile.lock\" \"${PODS_ROOT}/Manifest.lock\" > /dev/null\nif [ $? != 0 ] ; then\n    # print error to STDERR\n    echo \"error: The sandbox is not in sync with the Podfile.lock. Run 'pod install' or update your CocoaPods installation.\" >&2\n    exit 1\nfi\n";
			showEnvVarsInLog = 0;
		};
/* End PBXShellScriptBuildPhase section */

/* Begin PBXSourcesBuildPhase section */
		B8D044871F460453003BFE13 /* Sources */ = {
			isa = PBXSourcesBuildPhase;
			buildActionMask = 2147483647;
			files = (
				B83AE1A51F48663D00FF7208 /* CSVParser.swift in Sources */,
				B83AE1AB1F4866BF00FF7208 /* MyModel.swift in Sources */,
				B82A3D041F48C6B80040A636 /* Obfuscator.swift in Sources */,
				B83AE1A31F48325E00FF7208 /* PhotoCell.swift in Sources */,
				B8D044911F460453003BFE13 /* MapVC.swift in Sources */,
				B82A3D091F49792B0040A636 /* PhotoAnnotation.swift in Sources */,
				B83AE1A81F48666200FF7208 /* DataService.swift in Sources */,
				B8D0448F1F460453003BFE13 /* AppDelegate.swift in Sources */,
				B83AE1A01F48311000FF7208 /* Constants.swift in Sources */,
				B82A3D021F48C6530040A636 /* Login.swift in Sources */,
			);
			runOnlyForDeploymentPostprocessing = 0;
		};
/* End PBXSourcesBuildPhase section */

/* Begin PBXVariantGroup section */
		B8D044921F460453003BFE13 /* Main.storyboard */ = {
			isa = PBXVariantGroup;
			children = (
				B8D044931F460453003BFE13 /* Base */,
			);
			name = Main.storyboard;
			sourceTree = "<group>";
		};
		B8D044971F460453003BFE13 /* LaunchScreen.storyboard */ = {
			isa = PBXVariantGroup;
			children = (
				B8D044981F460453003BFE13 /* Base */,
			);
			name = LaunchScreen.storyboard;
			sourceTree = "<group>";
		};
/* End PBXVariantGroup section */

/* Begin XCBuildConfiguration section */
		B8D0449B1F460453003BFE13 /* Debug */ = {
			isa = XCBuildConfiguration;
			buildSettings = {
				ALWAYS_SEARCH_USER_PATHS = NO;
				CLANG_ANALYZER_NONNULL = YES;
				CLANG_ANALYZER_NUMBER_OBJECT_CONVERSION = YES_AGGRESSIVE;
				CLANG_CXX_LANGUAGE_STANDARD = "gnu++14";
				CLANG_CXX_LIBRARY = "libc++";
				CLANG_ENABLE_MODULES = YES;
				CLANG_ENABLE_OBJC_ARC = YES;
				CLANG_WARN_BLOCK_CAPTURE_AUTORELEASING = YES;
				CLANG_WARN_BOOL_CONVERSION = YES;
				CLANG_WARN_COMMA = YES;
				CLANG_WARN_CONSTANT_CONVERSION = YES;
				CLANG_WARN_DIRECT_OBJC_ISA_USAGE = YES_ERROR;
				CLANG_WARN_DOCUMENTATION_COMMENTS = YES;
				CLANG_WARN_EMPTY_BODY = YES;
				CLANG_WARN_ENUM_CONVERSION = YES;
				CLANG_WARN_INFINITE_RECURSION = YES;
				CLANG_WARN_INT_CONVERSION = YES;
				CLANG_WARN_NON_LITERAL_NULL_CONVERSION = YES;
				CLANG_WARN_OBJC_LITERAL_CONVERSION = YES;
				CLANG_WARN_OBJC_ROOT_CLASS = YES_ERROR;
				CLANG_WARN_RANGE_LOOP_ANALYSIS = YES;
				CLANG_WARN_STRICT_PROTOTYPES = YES;
				CLANG_WARN_SUSPICIOUS_MOVE = YES;
				CLANG_WARN_UNGUARDED_AVAILABILITY = YES_AGGRESSIVE;
				CLANG_WARN_UNREACHABLE_CODE = YES;
				CLANG_WARN__DUPLICATE_METHOD_MATCH = YES;
				CODE_SIGN_IDENTITY = "iPhone Developer";
				COPY_PHASE_STRIP = NO;
				DEBUG_INFORMATION_FORMAT = dwarf;
				ENABLE_STRICT_OBJC_MSGSEND = YES;
				ENABLE_TESTABILITY = YES;
				GCC_C_LANGUAGE_STANDARD = gnu11;
				GCC_DYNAMIC_NO_PIC = NO;
				GCC_NO_COMMON_BLOCKS = YES;
				GCC_OPTIMIZATION_LEVEL = 0;
				GCC_PREPROCESSOR_DEFINITIONS = (
					"DEBUG=1",
					"$(inherited)",
				);
				GCC_WARN_64_TO_32_BIT_CONVERSION = YES;
				GCC_WARN_ABOUT_RETURN_TYPE = YES_ERROR;
				GCC_WARN_UNDECLARED_SELECTOR = YES;
				GCC_WARN_UNINITIALIZED_AUTOS = YES_AGGRESSIVE;
				GCC_WARN_UNUSED_FUNCTION = YES;
				GCC_WARN_UNUSED_VARIABLE = YES;
				IPHONEOS_DEPLOYMENT_TARGET = 11.0;
				MTL_ENABLE_DEBUG_INFO = YES;
				ONLY_ACTIVE_ARCH = YES;
				SDKROOT = iphoneos;
				SWIFT_ACTIVE_COMPILATION_CONDITIONS = DEBUG;
				SWIFT_OPTIMIZATION_LEVEL = "-Onone";
			};
			name = Debug;
		};
		B8D0449C1F460453003BFE13 /* Release */ = {
			isa = XCBuildConfiguration;
			buildSettings = {
				ALWAYS_SEARCH_USER_PATHS = NO;
				CLANG_ANALYZER_NONNULL = YES;
				CLANG_ANALYZER_NUMBER_OBJECT_CONVERSION = YES_AGGRESSIVE;
				CLANG_CXX_LANGUAGE_STANDARD = "gnu++14";
				CLANG_CXX_LIBRARY = "libc++";
				CLANG_ENABLE_MODULES = YES;
				CLANG_ENABLE_OBJC_ARC = YES;
				CLANG_WARN_BLOCK_CAPTURE_AUTORELEASING = YES;
				CLANG_WARN_BOOL_CONVERSION = YES;
				CLANG_WARN_COMMA = YES;
				CLANG_WARN_CONSTANT_CONVERSION = YES;
				CLANG_WARN_DIRECT_OBJC_ISA_USAGE = YES_ERROR;
				CLANG_WARN_DOCUMENTATION_COMMENTS = YES;
				CLANG_WARN_EMPTY_BODY = YES;
				CLANG_WARN_ENUM_CONVERSION = YES;
				CLANG_WARN_INFINITE_RECURSION = YES;
				CLANG_WARN_INT_CONVERSION = YES;
				CLANG_WARN_NON_LITERAL_NULL_CONVERSION = YES;
				CLANG_WARN_OBJC_LITERAL_CONVERSION = YES;
				CLANG_WARN_OBJC_ROOT_CLASS = YES_ERROR;
				CLANG_WARN_RANGE_LOOP_ANALYSIS = YES;
				CLANG_WARN_STRICT_PROTOTYPES = YES;
				CLANG_WARN_SUSPICIOUS_MOVE = YES;
				CLANG_WARN_UNGUARDED_AVAILABILITY = YES_AGGRESSIVE;
				CLANG_WARN_UNREACHABLE_CODE = YES;
				CLANG_WARN__DUPLICATE_METHOD_MATCH = YES;
				CODE_SIGN_IDENTITY = "iPhone Developer";
				COPY_PHASE_STRIP = NO;
				DEBUG_INFORMATION_FORMAT = "dwarf-with-dsym";
				ENABLE_NS_ASSERTIONS = NO;
				ENABLE_STRICT_OBJC_MSGSEND = YES;
				GCC_C_LANGUAGE_STANDARD = gnu11;
				GCC_NO_COMMON_BLOCKS = YES;
				GCC_WARN_64_TO_32_BIT_CONVERSION = YES;
				GCC_WARN_ABOUT_RETURN_TYPE = YES_ERROR;
				GCC_WARN_UNDECLARED_SELECTOR = YES;
				GCC_WARN_UNINITIALIZED_AUTOS = YES_AGGRESSIVE;
				GCC_WARN_UNUSED_FUNCTION = YES;
				GCC_WARN_UNUSED_VARIABLE = YES;
				IPHONEOS_DEPLOYMENT_TARGET = 11.0;
				MTL_ENABLE_DEBUG_INFO = NO;
				SDKROOT = iphoneos;
				SWIFT_OPTIMIZATION_LEVEL = "-Owholemodule";
				VALIDATE_PRODUCT = YES;
			};
			name = Release;
		};
		B8D0449E1F460453003BFE13 /* Debug */ = {
			isa = XCBuildConfiguration;
			baseConfigurationReference = B4C9A4B2C8A1D4A9219F3C7B /* Pods-FinderWithMap.debug.xcconfig */;
			buildSettings = {
				ASSETCATALOG_COMPILER_APPICON_NAME = AppIcon;
				DEVELOPMENT_TEAM = BQ9WNW24Z8;
				INFOPLIST_FILE = "$(SRCROOT)/FinderWithMap/Resources/Info.plist";
				LD_RUNPATH_SEARCH_PATHS = "$(inherited) @executable_path/Frameworks";
				PRODUCT_BUNDLE_IDENTIFIER = com.id.FinderWithMap;
				PRODUCT_NAME = "$(TARGET_NAME)";
				SWIFT_VERSION = 4.0;
				TARGETED_DEVICE_FAMILY = "1,2";
			};
			name = Debug;
		};
		B8D0449F1F460453003BFE13 /* Release */ = {
			isa = XCBuildConfiguration;
			baseConfigurationReference = 73CF2378C90E3A221F6BB36E /* Pods-FinderWithMap.release.xcconfig */;
			buildSettings = {
				ASSETCATALOG_COMPILER_APPICON_NAME = AppIcon;
				DEVELOPMENT_TEAM = BQ9WNW24Z8;
				INFOPLIST_FILE = "$(SRCROOT)/FinderWithMap/Resources/Info.plist";
				LD_RUNPATH_SEARCH_PATHS = "$(inherited) @executable_path/Frameworks";
				PRODUCT_BUNDLE_IDENTIFIER = com.id.FinderWithMap;
				PRODUCT_NAME = "$(TARGET_NAME)";
				SWIFT_VERSION = 4.0;
				TARGETED_DEVICE_FAMILY = "1,2";
			};
			name = Release;
		};
/* End XCBuildConfiguration section */

/* Begin XCConfigurationList section */
		B8D044861F460452003BFE13 /* Build configuration list for PBXProject "FinderWithMap" */ = {
			isa = XCConfigurationList;
			buildConfigurations = (
				B8D0449B1F460453003BFE13 /* Debug */,
				B8D0449C1F460453003BFE13 /* Release */,
			);
			defaultConfigurationIsVisible = 0;
			defaultConfigurationName = Release;
		};
		B8D0449D1F460453003BFE13 /* Build configuration list for PBXNativeTarget "FinderWithMap" */ = {
			isa = XCConfigurationList;
			buildConfigurations = (
				B8D0449E1F460453003BFE13 /* Debug */,
				B8D0449F1F460453003BFE13 /* Release */,
			);
			defaultConfigurationIsVisible = 0;
			defaultConfigurationName = Release;
		};
/* End XCConfigurationList section */
	};
	rootObject = B8D044831F460452003BFE13 /* Project object */;
}
